// !$*UTF8*$!
{
	archiveVersion = 1;
	classes = {
	};
	objectVersion = 48;
	objects = {

/* Begin PBXBuildFile section */
		33C3B8A020463EFD007CD24B /* AppDelegate.swift in Sources */ = {isa = PBXBuildFile; fileRef = 33C3B89F20463EFD007CD24B /* AppDelegate.swift */; };
		33C3B8A220463EFD007CD24B /* HomeController.swift in Sources */ = {isa = PBXBuildFile; fileRef = 33C3B8A120463EFD007CD24B /* HomeController.swift */; };
		33C3B8A520463EFD007CD24B /* Main.storyboard in Resources */ = {isa = PBXBuildFile; fileRef = 33C3B8A320463EFD007CD24B /* Main.storyboard */; };
		33C3B8AA20463EFD007CD24B /* LaunchScreen.storyboard in Resources */ = {isa = PBXBuildFile; fileRef = 33C3B8A820463EFD007CD24B /* LaunchScreen.storyboard */; };
		33C3B8B220464813007CD24B /* MoreController.swift in Sources */ = {isa = PBXBuildFile; fileRef = 33C3B8B120464813007CD24B /* MoreController.swift */; };
		33C3B8B42046489C007CD24B /* MoreEntity.swift in Sources */ = {isa = PBXBuildFile; fileRef = 33C3B8B32046489C007CD24B /* MoreEntity.swift */; };
		33C3B8B720464A14007CD24B /* MoreViewModel.swift in Sources */ = {isa = PBXBuildFile; fileRef = 33C3B8B620464A14007CD24B /* MoreViewModel.swift */; };
		33C3B8D020464FE8007CD24B /* CodableUserDefault.swift in Sources */ = {isa = PBXBuildFile; fileRef = 33C3B8B920464FE8007CD24B /* CodableUserDefault.swift */; };
		33C3B8D120464FE8007CD24B /* UIView+Snippet.swift in Sources */ = {isa = PBXBuildFile; fileRef = 33C3B8BA20464FE8007CD24B /* UIView+Snippet.swift */; };
		33C3B8D220464FE8007CD24B /* Generic+Snippet.swift in Sources */ = {isa = PBXBuildFile; fileRef = 33C3B8BB20464FE8007CD24B /* Generic+Snippet.swift */; };
		33C3B8D320464FE8007CD24B /* UITextField+Snippet.swift in Sources */ = {isa = PBXBuildFile; fileRef = 33C3B8BC20464FE8007CD24B /* UITextField+Snippet.swift */; };
		33C3B8D420464FE8007CD24B /* Bool+Snippet.swift in Sources */ = {isa = PBXBuildFile; fileRef = 33C3B8BD20464FE8007CD24B /* Bool+Snippet.swift */; };
		33C3B8D520464FE8007CD24B /* StatusBar+Snippet.swift in Sources */ = {isa = PBXBuildFile; fileRef = 33C3B8BE20464FE8007CD24B /* StatusBar+Snippet.swift */; };
		33C3B8D620464FE8007CD24B /* Collection+Snippet.swift in Sources */ = {isa = PBXBuildFile; fileRef = 33C3B8BF20464FE8007CD24B /* Collection+Snippet.swift */; };
		33C3B8D720464FE8007CD24B /* Operator.swift in Sources */ = {isa = PBXBuildFile; fileRef = 33C3B8C020464FE8007CD24B /* Operator.swift */; };
		33C3B8D820464FE8007CD24B /* Logger.swift in Sources */ = {isa = PBXBuildFile; fileRef = 33C3B8C120464FE8007CD24B /* Logger.swift */; };
		33C3B8D920464FE8007CD24B /* UITextView+Snippet.swift in Sources */ = {isa = PBXBuildFile; fileRef = 33C3B8C220464FE8007CD24B /* UITextView+Snippet.swift */; };
		33C3B8DA20464FE8007CD24B /* Encrypt.swift in Sources */ = {isa = PBXBuildFile; fileRef = 33C3B8C320464FE8007CD24B /* Encrypt.swift */; };
		33C3B8DB20464FE8007CD24B /* ChainableView+Snippet.swift in Sources */ = {isa = PBXBuildFile; fileRef = 33C3B8C420464FE8007CD24B /* ChainableView+Snippet.swift */; };
		33C3B8DC20464FE8007CD24B /* Extension+Snippet.swift in Sources */ = {isa = PBXBuildFile; fileRef = 33C3B8C520464FE8007CD24B /* Extension+Snippet.swift */; };
		33C3B8DD20464FE8007CD24B /* Enum+Snippet.swift in Sources */ = {isa = PBXBuildFile; fileRef = 33C3B8C620464FE8007CD24B /* Enum+Snippet.swift */; };
		33C3B8DE20464FE8007CD24B /* Namespace+Snipper.swift in Sources */ = {isa = PBXBuildFile; fileRef = 33C3B8C720464FE8007CD24B /* Namespace+Snipper.swift */; };
		33C3B8DF20464FE8007CD24B /* URL+Snippet.swift in Sources */ = {isa = PBXBuildFile; fileRef = 33C3B8C820464FE8007CD24B /* URL+Snippet.swift */; };
		33C3B8E020464FE8007CD24B /* Regex.swift in Sources */ = {isa = PBXBuildFile; fileRef = 33C3B8C920464FE8007CD24B /* Regex.swift */; };
		33C3B8E120464FE8007CD24B /* Delay+Snippet.swift in Sources */ = {isa = PBXBuildFile; fileRef = 33C3B8CA20464FE8007CD24B /* Delay+Snippet.swift */; };
		33C3B8E220464FE8007CD24B /* UIAlertController+Snippet.swift in Sources */ = {isa = PBXBuildFile; fileRef = 33C3B8CB20464FE8007CD24B /* UIAlertController+Snippet.swift */; };
		33C3B8E320464FE8007CD24B /* Optional+Snippet.swift in Sources */ = {isa = PBXBuildFile; fileRef = 33C3B8CC20464FE8007CD24B /* Optional+Snippet.swift */; };
		33C3B8E420464FE8007CD24B /* UIColor+Snipper.swift in Sources */ = {isa = PBXBuildFile; fileRef = 33C3B8CD20464FE8007CD24B /* UIColor+Snipper.swift */; };
		33C3B8E520464FE8007CD24B /* Array+Snippet.swift in Sources */ = {isa = PBXBuildFile; fileRef = 33C3B8CE20464FE8007CD24B /* Array+Snippet.swift */; };
		33C3B8E620464FE8007CD24B /* Number+Snippet.swift in Sources */ = {isa = PBXBuildFile; fileRef = 33C3B8CF20464FE8007CD24B /* Number+Snippet.swift */; };
		33C3B8E92046517C007CD24B /* MoreTableViewCell.swift in Sources */ = {isa = PBXBuildFile; fileRef = 33C3B8E72046517C007CD24B /* MoreTableViewCell.swift */; };
		33C3B8ED20465223007CD24B /* General.swift in Sources */ = {isa = PBXBuildFile; fileRef = 33C3B8EC20465223007CD24B /* General.swift */; };
		33C3B8F020467BC7007CD24B /* HomeViewModel.swift in Sources */ = {isa = PBXBuildFile; fileRef = 33C3B8EF20467BC7007CD24B /* HomeViewModel.swift */; };
		33C3B8F220467C3C007CD24B /* CellWrapper.swift in Sources */ = {isa = PBXBuildFile; fileRef = 33C3B8F120467C3C007CD24B /* CellWrapper.swift */; };
		33C3B8FB2046A07B007CD24B /* KeyboardViewController.swift in Sources */ = {isa = PBXBuildFile; fileRef = 33C3B8FA2046A07B007CD24B /* KeyboardViewController.swift */; };
		33C3B8FF2046A07B007CD24B /* Lazy.appex in Embed App Extensions */ = {isa = PBXBuildFile; fileRef = 33C3B8F82046A07B007CD24B /* Lazy.appex */; settings = {ATTRIBUTES = (RemoveHeadersOnCopy, ); }; };
		33C3B9042046A4A4007CD24B /* Assets.xcassets in Resources */ = {isa = PBXBuildFile; fileRef = 33C3B8A620463EFD007CD24B /* Assets.xcassets */; };
		33C3B9052046A5B3007CD24B /* ChainableView+Snippet.swift in Sources */ = {isa = PBXBuildFile; fileRef = 33C3B8C420464FE8007CD24B /* ChainableView+Snippet.swift */; };
		33C3B90920478E90007CD24B /* KeyboardViewModel.swift in Sources */ = {isa = PBXBuildFile; fileRef = 33C3B90820478E90007CD24B /* KeyboardViewModel.swift */; };
		33C3B90A20478EC6007CD24B /* General.swift in Sources */ = {isa = PBXBuildFile; fileRef = 33C3B8EC20465223007CD24B /* General.swift */; };
		33C3B90C20478ED6007CD24B /* Const.swift in Sources */ = {isa = PBXBuildFile; fileRef = 33C3B90B20478ED6007CD24B /* Const.swift */; };
		33C3B90D20478EE5007CD24B /* Const.swift in Sources */ = {isa = PBXBuildFile; fileRef = 33C3B90B20478ED6007CD24B /* Const.swift */; };
		33C3B90E20478FC1007CD24B /* Optional+Snippet.swift in Sources */ = {isa = PBXBuildFile; fileRef = 33C3B8CC20464FE8007CD24B /* Optional+Snippet.swift */; };
		33C3B90F20479113007CD24B /* CellWrapper.swift in Sources */ = {isa = PBXBuildFile; fileRef = 33C3B8F120467C3C007CD24B /* CellWrapper.swift */; };
		33C3B91020479307007CD24B /* UIView+Snippet.swift in Sources */ = {isa = PBXBuildFile; fileRef = 33C3B8BA20464FE8007CD24B /* UIView+Snippet.swift */; };
		803932F237919B68A336EE72 /* Pods_LazyKeyboard.framework in Frameworks */ = {isa = PBXBuildFile; fileRef = 46324FAF6D284152F4C6773D /* Pods_LazyKeyboard.framework */; };
		8ABFE37F26698616012D562D /* Pods_Lazy.framework in Frameworks */ = {isa = PBXBuildFile; fileRef = EE234D5952DF1AD23CE47841 /* Pods_Lazy.framework */; };
/* End PBXBuildFile section */

/* Begin PBXContainerItemProxy section */
		33C3B8FD2046A07B007CD24B /* PBXContainerItemProxy */ = {
			isa = PBXContainerItemProxy;
			containerPortal = 33C3B89420463EFD007CD24B /* Project object */;
			proxyType = 1;
			remoteGlobalIDString = 33C3B8F72046A07B007CD24B;
			remoteInfo = Lazy;
		};
/* End PBXContainerItemProxy section */

/* Begin PBXCopyFilesBuildPhase section */
		33C3B9032046A07B007CD24B /* Embed App Extensions */ = {
			isa = PBXCopyFilesBuildPhase;
			buildActionMask = 2147483647;
			dstPath = "";
			dstSubfolderSpec = 13;
			files = (
				33C3B8FF2046A07B007CD24B /* Lazy.appex in Embed App Extensions */,
			);
			name = "Embed App Extensions";
			runOnlyForDeploymentPostprocessing = 0;
		};
/* End PBXCopyFilesBuildPhase section */

/* Begin PBXFileReference section */
		33C3B89C20463EFD007CD24B /* LazyKeyboard.app */ = {isa = PBXFileReference; explicitFileType = wrapper.application; includeInIndex = 0; path = LazyKeyboard.app; sourceTree = BUILT_PRODUCTS_DIR; };
		33C3B89F20463EFD007CD24B /* AppDelegate.swift */ = {isa = PBXFileReference; lastKnownFileType = sourcecode.swift; path = AppDelegate.swift; sourceTree = "<group>"; };
		33C3B8A120463EFD007CD24B /* HomeController.swift */ = {isa = PBXFileReference; lastKnownFileType = sourcecode.swift; path = HomeController.swift; sourceTree = "<group>"; };
		33C3B8A420463EFD007CD24B /* Base */ = {isa = PBXFileReference; lastKnownFileType = file.storyboard; name = Base; path = Base.lproj/Main.storyboard; sourceTree = "<group>"; };
		33C3B8A620463EFD007CD24B /* Assets.xcassets */ = {isa = PBXFileReference; lastKnownFileType = folder.assetcatalog; path = Assets.xcassets; sourceTree = "<group>"; };
		33C3B8A920463EFD007CD24B /* Base */ = {isa = PBXFileReference; lastKnownFileType = file.storyboard; name = Base; path = Base.lproj/LaunchScreen.storyboard; sourceTree = "<group>"; };
		33C3B8AB20463EFD007CD24B /* Info.plist */ = {isa = PBXFileReference; lastKnownFileType = text.plist.xml; path = Info.plist; sourceTree = "<group>"; };
		33C3B8B120464813007CD24B /* MoreController.swift */ = {isa = PBXFileReference; lastKnownFileType = sourcecode.swift; path = MoreController.swift; sourceTree = "<group>"; };
		33C3B8B32046489C007CD24B /* MoreEntity.swift */ = {isa = PBXFileReference; lastKnownFileType = sourcecode.swift; path = MoreEntity.swift; sourceTree = "<group>"; };
		33C3B8B620464A14007CD24B /* MoreViewModel.swift */ = {isa = PBXFileReference; lastKnownFileType = sourcecode.swift; path = MoreViewModel.swift; sourceTree = "<group>"; };
		33C3B8B920464FE8007CD24B /* CodableUserDefault.swift */ = {isa = PBXFileReference; fileEncoding = 4; lastKnownFileType = sourcecode.swift; path = CodableUserDefault.swift; sourceTree = "<group>"; };
		33C3B8BA20464FE8007CD24B /* UIView+Snippet.swift */ = {isa = PBXFileReference; fileEncoding = 4; lastKnownFileType = sourcecode.swift; path = "UIView+Snippet.swift"; sourceTree = "<group>"; };
		33C3B8BB20464FE8007CD24B /* Generic+Snippet.swift */ = {isa = PBXFileReference; fileEncoding = 4; lastKnownFileType = sourcecode.swift; path = "Generic+Snippet.swift"; sourceTree = "<group>"; };
		33C3B8BC20464FE8007CD24B /* UITextField+Snippet.swift */ = {isa = PBXFileReference; fileEncoding = 4; lastKnownFileType = sourcecode.swift; path = "UITextField+Snippet.swift"; sourceTree = "<group>"; };
		33C3B8BD20464FE8007CD24B /* Bool+Snippet.swift */ = {isa = PBXFileReference; fileEncoding = 4; lastKnownFileType = sourcecode.swift; path = "Bool+Snippet.swift"; sourceTree = "<group>"; };
		33C3B8BE20464FE8007CD24B /* StatusBar+Snippet.swift */ = {isa = PBXFileReference; fileEncoding = 4; lastKnownFileType = sourcecode.swift; path = "StatusBar+Snippet.swift"; sourceTree = "<group>"; };
		33C3B8BF20464FE8007CD24B /* Collection+Snippet.swift */ = {isa = PBXFileReference; fileEncoding = 4; lastKnownFileType = sourcecode.swift; path = "Collection+Snippet.swift"; sourceTree = "<group>"; };
		33C3B8C020464FE8007CD24B /* Operator.swift */ = {isa = PBXFileReference; fileEncoding = 4; lastKnownFileType = sourcecode.swift; path = Operator.swift; sourceTree = "<group>"; };
		33C3B8C120464FE8007CD24B /* Logger.swift */ = {isa = PBXFileReference; fileEncoding = 4; lastKnownFileType = sourcecode.swift; path = Logger.swift; sourceTree = "<group>"; };
		33C3B8C220464FE8007CD24B /* UITextView+Snippet.swift */ = {isa = PBXFileReference; fileEncoding = 4; lastKnownFileType = sourcecode.swift; path = "UITextView+Snippet.swift"; sourceTree = "<group>"; };
		33C3B8C320464FE8007CD24B /* Encrypt.swift */ = {isa = PBXFileReference; fileEncoding = 4; lastKnownFileType = sourcecode.swift; path = Encrypt.swift; sourceTree = "<group>"; };
		33C3B8C420464FE8007CD24B /* ChainableView+Snippet.swift */ = {isa = PBXFileReference; fileEncoding = 4; lastKnownFileType = sourcecode.swift; path = "ChainableView+Snippet.swift"; sourceTree = "<group>"; };
		33C3B8C520464FE8007CD24B /* Extension+Snippet.swift */ = {isa = PBXFileReference; fileEncoding = 4; lastKnownFileType = sourcecode.swift; path = "Extension+Snippet.swift"; sourceTree = "<group>"; };
		33C3B8C620464FE8007CD24B /* Enum+Snippet.swift */ = {isa = PBXFileReference; fileEncoding = 4; lastKnownFileType = sourcecode.swift; path = "Enum+Snippet.swift"; sourceTree = "<group>"; };
		33C3B8C720464FE8007CD24B /* Namespace+Snipper.swift */ = {isa = PBXFileReference; fileEncoding = 4; lastKnownFileType = sourcecode.swift; path = "Namespace+Snipper.swift"; sourceTree = "<group>"; };
		33C3B8C820464FE8007CD24B /* URL+Snippet.swift */ = {isa = PBXFileReference; fileEncoding = 4; lastKnownFileType = sourcecode.swift; path = "URL+Snippet.swift"; sourceTree = "<group>"; };
		33C3B8C920464FE8007CD24B /* Regex.swift */ = {isa = PBXFileReference; fileEncoding = 4; lastKnownFileType = sourcecode.swift; path = Regex.swift; sourceTree = "<group>"; };
		33C3B8CA20464FE8007CD24B /* Delay+Snippet.swift */ = {isa = PBXFileReference; fileEncoding = 4; lastKnownFileType = sourcecode.swift; path = "Delay+Snippet.swift"; sourceTree = "<group>"; };
		33C3B8CB20464FE8007CD24B /* UIAlertController+Snippet.swift */ = {isa = PBXFileReference; fileEncoding = 4; lastKnownFileType = sourcecode.swift; path = "UIAlertController+Snippet.swift"; sourceTree = "<group>"; };
		33C3B8CC20464FE8007CD24B /* Optional+Snippet.swift */ = {isa = PBXFileReference; fileEncoding = 4; lastKnownFileType = sourcecode.swift; path = "Optional+Snippet.swift"; sourceTree = "<group>"; };
		33C3B8CD20464FE8007CD24B /* UIColor+Snipper.swift */ = {isa = PBXFileReference; fileEncoding = 4; lastKnownFileType = sourcecode.swift; path = "UIColor+Snipper.swift"; sourceTree = "<group>"; };
		33C3B8CE20464FE8007CD24B /* Array+Snippet.swift */ = {isa = PBXFileReference; fileEncoding = 4; lastKnownFileType = sourcecode.swift; path = "Array+Snippet.swift"; sourceTree = "<group>"; };
		33C3B8CF20464FE8007CD24B /* Number+Snippet.swift */ = {isa = PBXFileReference; fileEncoding = 4; lastKnownFileType = sourcecode.swift; path = "Number+Snippet.swift"; sourceTree = "<group>"; };
		33C3B8E72046517C007CD24B /* MoreTableViewCell.swift */ = {isa = PBXFileReference; lastKnownFileType = sourcecode.swift; path = MoreTableViewCell.swift; sourceTree = "<group>"; };
		33C3B8EC20465223007CD24B /* General.swift */ = {isa = PBXFileReference; lastKnownFileType = sourcecode.swift; path = General.swift; sourceTree = "<group>"; };
		33C3B8EF20467BC7007CD24B /* HomeViewModel.swift */ = {isa = PBXFileReference; lastKnownFileType = sourcecode.swift; path = HomeViewModel.swift; sourceTree = "<group>"; };
		33C3B8F120467C3C007CD24B /* CellWrapper.swift */ = {isa = PBXFileReference; lastKnownFileType = sourcecode.swift; path = CellWrapper.swift; sourceTree = "<group>"; };
		33C3B8F320468C37007CD24B /* LazyKeyboard.entitlements */ = {isa = PBXFileReference; lastKnownFileType = text.plist.entitlements; path = LazyKeyboard.entitlements; sourceTree = "<group>"; };
		33C3B8F82046A07B007CD24B /* Lazy.appex */ = {isa = PBXFileReference; explicitFileType = "wrapper.app-extension"; includeInIndex = 0; path = Lazy.appex; sourceTree = BUILT_PRODUCTS_DIR; };
		33C3B8FA2046A07B007CD24B /* KeyboardViewController.swift */ = {isa = PBXFileReference; lastKnownFileType = sourcecode.swift; path = KeyboardViewController.swift; sourceTree = "<group>"; };
		33C3B8FC2046A07B007CD24B /* Info.plist */ = {isa = PBXFileReference; lastKnownFileType = text.plist.xml; path = Info.plist; sourceTree = "<group>"; };
		33C3B90820478E90007CD24B /* KeyboardViewModel.swift */ = {isa = PBXFileReference; lastKnownFileType = sourcecode.swift; path = KeyboardViewModel.swift; sourceTree = "<group>"; };
		33C3B90B20478ED6007CD24B /* Const.swift */ = {isa = PBXFileReference; lastKnownFileType = sourcecode.swift; path = Const.swift; sourceTree = "<group>"; };
		33C3B91120479911007CD24B /* Lazy.entitlements */ = {isa = PBXFileReference; lastKnownFileType = text.plist.entitlements; path = Lazy.entitlements; sourceTree = "<group>"; };
		46324FAF6D284152F4C6773D /* Pods_LazyKeyboard.framework */ = {isa = PBXFileReference; explicitFileType = wrapper.framework; includeInIndex = 0; path = Pods_LazyKeyboard.framework; sourceTree = BUILT_PRODUCTS_DIR; };
		74A35C13F55F327734E0E7B7 /* Pods-Lazy.debug.xcconfig */ = {isa = PBXFileReference; includeInIndex = 1; lastKnownFileType = text.xcconfig; name = "Pods-Lazy.debug.xcconfig"; path = "Pods/Target Support Files/Pods-Lazy/Pods-Lazy.debug.xcconfig"; sourceTree = "<group>"; };
		7DA523F51689714C549D6DEF /* Pods-LazyKeyboard.debug.xcconfig */ = {isa = PBXFileReference; includeInIndex = 1; lastKnownFileType = text.xcconfig; name = "Pods-LazyKeyboard.debug.xcconfig"; path = "Pods/Target Support Files/Pods-LazyKeyboard/Pods-LazyKeyboard.debug.xcconfig"; sourceTree = "<group>"; };
		8D578F80A64C1C1E4FB7862A /* Pods-LazyKeyboard.release.xcconfig */ = {isa = PBXFileReference; includeInIndex = 1; lastKnownFileType = text.xcconfig; name = "Pods-LazyKeyboard.release.xcconfig"; path = "Pods/Target Support Files/Pods-LazyKeyboard/Pods-LazyKeyboard.release.xcconfig"; sourceTree = "<group>"; };
		980293BD81B44FD1303671C2 /* Pods-Lazy.release.xcconfig */ = {isa = PBXFileReference; includeInIndex = 1; lastKnownFileType = text.xcconfig; name = "Pods-Lazy.release.xcconfig"; path = "Pods/Target Support Files/Pods-Lazy/Pods-Lazy.release.xcconfig"; sourceTree = "<group>"; };
		EE234D5952DF1AD23CE47841 /* Pods_Lazy.framework */ = {isa = PBXFileReference; explicitFileType = wrapper.framework; includeInIndex = 0; path = Pods_Lazy.framework; sourceTree = BUILT_PRODUCTS_DIR; };
/* End PBXFileReference section */

/* Begin PBXFrameworksBuildPhase section */
		33C3B89920463EFD007CD24B /* Frameworks */ = {
			isa = PBXFrameworksBuildPhase;
			buildActionMask = 2147483647;
			files = (
				803932F237919B68A336EE72 /* Pods_LazyKeyboard.framework in Frameworks */,
			);
			runOnlyForDeploymentPostprocessing = 0;
		};
		33C3B8F52046A07B007CD24B /* Frameworks */ = {
			isa = PBXFrameworksBuildPhase;
			buildActionMask = 2147483647;
			files = (
				8ABFE37F26698616012D562D /* Pods_Lazy.framework in Frameworks */,
			);
			runOnlyForDeploymentPostprocessing = 0;
		};
/* End PBXFrameworksBuildPhase section */

/* Begin PBXGroup section */
		33C3B89320463EFD007CD24B = {
			isa = PBXGroup;
			children = (
				33C3B89E20463EFD007CD24B /* LazyKeyboard */,
				33C3B8F92046A07B007CD24B /* Lazy */,
				33C3B89D20463EFD007CD24B /* Products */,
				5800F7929F4A72810E5523A2 /* Pods */,
				4CA8088032E1D57A14E6D1F2 /* Frameworks */,
			);
			sourceTree = "<group>";
		};
		33C3B89D20463EFD007CD24B /* Products */ = {
			isa = PBXGroup;
			children = (
				33C3B89C20463EFD007CD24B /* LazyKeyboard.app */,
				33C3B8F82046A07B007CD24B /* Lazy.appex */,
			);
			name = Products;
			sourceTree = "<group>";
		};
		33C3B89E20463EFD007CD24B /* LazyKeyboard */ = {
			isa = PBXGroup;
			children = (
				33C3B8F320468C37007CD24B /* LazyKeyboard.entitlements */,
				33C3B8EE20467B46007CD24B /* Home */,
				33C3B8EB20465219007CD24B /* General */,
				33C3B8B820464FE8007CD24B /* Snippet */,
				33C3B8B520464939007CD24B /* More */,
				33C3B89F20463EFD007CD24B /* AppDelegate.swift */,
				33C3B8A320463EFD007CD24B /* Main.storyboard */,
				33C3B8A620463EFD007CD24B /* Assets.xcassets */,
				33C3B8A820463EFD007CD24B /* LaunchScreen.storyboard */,
				33C3B8AB20463EFD007CD24B /* Info.plist */,
			);
			path = LazyKeyboard;
			sourceTree = "<group>";
		};
		33C3B8B520464939007CD24B /* More */ = {
			isa = PBXGroup;
			children = (
				33C3B8B120464813007CD24B /* MoreController.swift */,
				33C3B8B32046489C007CD24B /* MoreEntity.swift */,
				33C3B8B620464A14007CD24B /* MoreViewModel.swift */,
				33C3B8E72046517C007CD24B /* MoreTableViewCell.swift */,
			);
			path = More;
			sourceTree = "<group>";
		};
		33C3B8B820464FE8007CD24B /* Snippet */ = {
			isa = PBXGroup;
			children = (
				33C3B8B920464FE8007CD24B /* CodableUserDefault.swift */,
				33C3B8BA20464FE8007CD24B /* UIView+Snippet.swift */,
				33C3B8BB20464FE8007CD24B /* Generic+Snippet.swift */,
				33C3B8BC20464FE8007CD24B /* UITextField+Snippet.swift */,
				33C3B8BD20464FE8007CD24B /* Bool+Snippet.swift */,
				33C3B8BE20464FE8007CD24B /* StatusBar+Snippet.swift */,
				33C3B8BF20464FE8007CD24B /* Collection+Snippet.swift */,
				33C3B8C020464FE8007CD24B /* Operator.swift */,
				33C3B8C120464FE8007CD24B /* Logger.swift */,
				33C3B8C220464FE8007CD24B /* UITextView+Snippet.swift */,
				33C3B8C320464FE8007CD24B /* Encrypt.swift */,
				33C3B8C420464FE8007CD24B /* ChainableView+Snippet.swift */,
				33C3B8C520464FE8007CD24B /* Extension+Snippet.swift */,
				33C3B8C620464FE8007CD24B /* Enum+Snippet.swift */,
				33C3B8C720464FE8007CD24B /* Namespace+Snipper.swift */,
				33C3B8C820464FE8007CD24B /* URL+Snippet.swift */,
				33C3B8C920464FE8007CD24B /* Regex.swift */,
				33C3B8CA20464FE8007CD24B /* Delay+Snippet.swift */,
				33C3B8CB20464FE8007CD24B /* UIAlertController+Snippet.swift */,
				33C3B8CC20464FE8007CD24B /* Optional+Snippet.swift */,
				33C3B8CD20464FE8007CD24B /* UIColor+Snipper.swift */,
				33C3B8CE20464FE8007CD24B /* Array+Snippet.swift */,
				33C3B8CF20464FE8007CD24B /* Number+Snippet.swift */,
			);
			path = Snippet;
			sourceTree = "<group>";
		};
		33C3B8EB20465219007CD24B /* General */ = {
			isa = PBXGroup;
			children = (
				33C3B8EC20465223007CD24B /* General.swift */,
				33C3B90B20478ED6007CD24B /* Const.swift */,
			);
			path = General;
			sourceTree = "<group>";
		};
		33C3B8EE20467B46007CD24B /* Home */ = {
			isa = PBXGroup;
			children = (
				33C3B8A120463EFD007CD24B /* HomeController.swift */,
				33C3B8EF20467BC7007CD24B /* HomeViewModel.swift */,
				33C3B8F120467C3C007CD24B /* CellWrapper.swift */,
			);
			path = Home;
			sourceTree = "<group>";
		};
		33C3B8F92046A07B007CD24B /* Lazy */ = {
			isa = PBXGroup;
			children = (
				33C3B91120479911007CD24B /* Lazy.entitlements */,
				33C3B8FA2046A07B007CD24B /* KeyboardViewController.swift */,
				33C3B90820478E90007CD24B /* KeyboardViewModel.swift */,
				33C3B8FC2046A07B007CD24B /* Info.plist */,
			);
			path = Lazy;
			sourceTree = "<group>";
		};
		4CA8088032E1D57A14E6D1F2 /* Frameworks */ = {
			isa = PBXGroup;
			children = (
				46324FAF6D284152F4C6773D /* Pods_LazyKeyboard.framework */,
				EE234D5952DF1AD23CE47841 /* Pods_Lazy.framework */,
			);
			name = Frameworks;
			sourceTree = "<group>";
		};
		5800F7929F4A72810E5523A2 /* Pods */ = {
			isa = PBXGroup;
			children = (
				7DA523F51689714C549D6DEF /* Pods-LazyKeyboard.debug.xcconfig */,
				8D578F80A64C1C1E4FB7862A /* Pods-LazyKeyboard.release.xcconfig */,
				74A35C13F55F327734E0E7B7 /* Pods-Lazy.debug.xcconfig */,
				980293BD81B44FD1303671C2 /* Pods-Lazy.release.xcconfig */,
			);
			name = Pods;
			sourceTree = "<group>";
		};
/* End PBXGroup section */

/* Begin PBXNativeTarget section */
		33C3B89B20463EFD007CD24B /* LazyKeyboard */ = {
			isa = PBXNativeTarget;
			buildConfigurationList = 33C3B8AE20463EFD007CD24B /* Build configuration list for PBXNativeTarget "LazyKeyboard" */;
			buildPhases = (
				AC8B8B08F2C9BB5BDF57652A /* [CP] Check Pods Manifest.lock */,
				33C3B89820463EFD007CD24B /* Sources */,
				33C3B89920463EFD007CD24B /* Frameworks */,
				33C3B89A20463EFD007CD24B /* Resources */,
				E53A062A3224349B14CBB06A /* [CP] Embed Pods Frameworks */,
				62A515E376DBB1A6CB58D3D6 /* [CP] Copy Pods Resources */,
				33C3B9032046A07B007CD24B /* Embed App Extensions */,
			);
			buildRules = (
			);
			dependencies = (
				33C3B8FE2046A07B007CD24B /* PBXTargetDependency */,
			);
			name = LazyKeyboard;
			productName = LazyKeyboard;
			productReference = 33C3B89C20463EFD007CD24B /* LazyKeyboard.app */;
			productType = "com.apple.product-type.application";
		};
		33C3B8F72046A07B007CD24B /* Lazy */ = {
			isa = PBXNativeTarget;
			buildConfigurationList = 33C3B9002046A07B007CD24B /* Build configuration list for PBXNativeTarget "Lazy" */;
			buildPhases = (
				9A5CF041ED1D79A7B571AB32 /* [CP] Check Pods Manifest.lock */,
				33C3B8F42046A07B007CD24B /* Sources */,
				33C3B8F52046A07B007CD24B /* Frameworks */,
				33C3B8F62046A07B007CD24B /* Resources */,
				D1AE86C1B1F3B7564E91E65F /* [CP] Copy Pods Resources */,
			);
			buildRules = (
			);
			dependencies = (
			);
			name = Lazy;
			productName = Lazy;
			productReference = 33C3B8F82046A07B007CD24B /* Lazy.appex */;
			productType = "com.apple.product-type.app-extension";
		};
/* End PBXNativeTarget section */

/* Begin PBXProject section */
		33C3B89420463EFD007CD24B /* Project object */ = {
			isa = PBXProject;
			attributes = {
				LastSwiftUpdateCheck = 0920;
				LastUpgradeCheck = 0920;
				ORGANIZATIONNAME = CepheusSun;
				TargetAttributes = {
					33C3B89B20463EFD007CD24B = {
						CreatedOnToolsVersion = 9.2;
						ProvisioningStyle = Automatic;
						SystemCapabilities = {
							com.apple.ApplicationGroups.iOS = {
								enabled = 1;
							};
						};
					};
					33C3B8F72046A07B007CD24B = {
						CreatedOnToolsVersion = 9.2;
						ProvisioningStyle = Automatic;
						SystemCapabilities = {
							com.apple.ApplicationGroups.iOS = {
								enabled = 1;
							};
						};
					};
				};
			};
			buildConfigurationList = 33C3B89720463EFD007CD24B /* Build configuration list for PBXProject "LazyKeyboard" */;
			compatibilityVersion = "Xcode 8.0";
			developmentRegion = en;
			hasScannedForEncodings = 0;
			knownRegions = (
				en,
				Base,
			);
			mainGroup = 33C3B89320463EFD007CD24B;
			productRefGroup = 33C3B89D20463EFD007CD24B /* Products */;
			projectDirPath = "";
			projectRoot = "";
			targets = (
				33C3B89B20463EFD007CD24B /* LazyKeyboard */,
				33C3B8F72046A07B007CD24B /* Lazy */,
			);
		};
/* End PBXProject section */

/* Begin PBXResourcesBuildPhase section */
		33C3B89A20463EFD007CD24B /* Resources */ = {
			isa = PBXResourcesBuildPhase;
			buildActionMask = 2147483647;
			files = (
				33C3B8AA20463EFD007CD24B /* LaunchScreen.storyboard in Resources */,
				33C3B8A520463EFD007CD24B /* Main.storyboard in Resources */,
			);
			runOnlyForDeploymentPostprocessing = 0;
		};
		33C3B8F62046A07B007CD24B /* Resources */ = {
			isa = PBXResourcesBuildPhase;
			buildActionMask = 2147483647;
			files = (
				33C3B9042046A4A4007CD24B /* Assets.xcassets in Resources */,
			);
			runOnlyForDeploymentPostprocessing = 0;
		};
/* End PBXResourcesBuildPhase section */

/* Begin PBXShellScriptBuildPhase section */
		62A515E376DBB1A6CB58D3D6 /* [CP] Copy Pods Resources */ = {
			isa = PBXShellScriptBuildPhase;
			buildActionMask = 2147483647;
			files = (
			);
			inputPaths = (
			);
			name = "[CP] Copy Pods Resources";
			outputPaths = (
			);
			runOnlyForDeploymentPostprocessing = 0;
			shellPath = /bin/sh;
			shellScript = "\"${SRCROOT}/Pods/Target Support Files/Pods-LazyKeyboard/Pods-LazyKeyboard-resources.sh\"\n";
			showEnvVarsInLog = 0;
		};
		9A5CF041ED1D79A7B571AB32 /* [CP] Check Pods Manifest.lock */ = {
			isa = PBXShellScriptBuildPhase;
			buildActionMask = 2147483647;
			files = (
			);
			inputPaths = (
				"${PODS_PODFILE_DIR_PATH}/Podfile.lock",
				"${PODS_ROOT}/Manifest.lock",
			);
			name = "[CP] Check Pods Manifest.lock";
			outputPaths = (
				"$(DERIVED_FILE_DIR)/Pods-Lazy-checkManifestLockResult.txt",
			);
			runOnlyForDeploymentPostprocessing = 0;
			shellPath = /bin/sh;
			shellScript = "diff \"${PODS_PODFILE_DIR_PATH}/Podfile.lock\" \"${PODS_ROOT}/Manifest.lock\" > /dev/null\nif [ $? != 0 ] ; then\n    # print error to STDERR\n    echo \"error: The sandbox is not in sync with the Podfile.lock. Run 'pod install' or update your CocoaPods installation.\" >&2\n    exit 1\nfi\n# This output is used by Xcode 'outputs' to avoid re-running this script phase.\necho \"SUCCESS\" > \"${SCRIPT_OUTPUT_FILE_0}\"\n";
			showEnvVarsInLog = 0;
		};
		AC8B8B08F2C9BB5BDF57652A /* [CP] Check Pods Manifest.lock */ = {
			isa = PBXShellScriptBuildPhase;
			buildActionMask = 2147483647;
			files = (
			);
			inputPaths = (
				"${PODS_PODFILE_DIR_PATH}/Podfile.lock",
				"${PODS_ROOT}/Manifest.lock",
			);
			name = "[CP] Check Pods Manifest.lock";
			outputPaths = (
				"$(DERIVED_FILE_DIR)/Pods-LazyKeyboard-checkManifestLockResult.txt",
			);
			runOnlyForDeploymentPostprocessing = 0;
			shellPath = /bin/sh;
			shellScript = "diff \"${PODS_PODFILE_DIR_PATH}/Podfile.lock\" \"${PODS_ROOT}/Manifest.lock\" > /dev/null\nif [ $? != 0 ] ; then\n    # print error to STDERR\n    echo \"error: The sandbox is not in sync with the Podfile.lock. Run 'pod install' or update your CocoaPods installation.\" >&2\n    exit 1\nfi\n# This output is used by Xcode 'outputs' to avoid re-running this script phase.\necho \"SUCCESS\" > \"${SCRIPT_OUTPUT_FILE_0}\"\n";
			showEnvVarsInLog = 0;
		};
		D1AE86C1B1F3B7564E91E65F /* [CP] Copy Pods Resources */ = {
			isa = PBXShellScriptBuildPhase;
			buildActionMask = 2147483647;
			files = (
			);
			inputPaths = (
			);
			name = "[CP] Copy Pods Resources";
			outputPaths = (
			);
			runOnlyForDeploymentPostprocessing = 0;
			shellPath = /bin/sh;
			shellScript = "\"${SRCROOT}/Pods/Target Support Files/Pods-Lazy/Pods-Lazy-resources.sh\"\n";
			showEnvVarsInLog = 0;
		};
		E53A062A3224349B14CBB06A /* [CP] Embed Pods Frameworks */ = {
			isa = PBXShellScriptBuildPhase;
			buildActionMask = 2147483647;
			files = (
			);
			inputPaths = (
				"${SRCROOT}/Pods/Target Support Files/Pods-LazyKeyboard/Pods-LazyKeyboard-frameworks.sh",
				"${BUILT_PRODUCTS_DIR}/Reusable/Reusable.framework",
				"${BUILT_PRODUCTS_DIR}/RxCocoa/RxCocoa.framework",
				"${BUILT_PRODUCTS_DIR}/RxSwift/RxSwift.framework",
			);
			name = "[CP] Embed Pods Frameworks";
			outputPaths = (
				"${TARGET_BUILD_DIR}/${FRAMEWORKS_FOLDER_PATH}/Reusable.framework",
				"${TARGET_BUILD_DIR}/${FRAMEWORKS_FOLDER_PATH}/RxCocoa.framework",
				"${TARGET_BUILD_DIR}/${FRAMEWORKS_FOLDER_PATH}/RxSwift.framework",
			);
			runOnlyForDeploymentPostprocessing = 0;
			shellPath = /bin/sh;
			shellScript = "\"${SRCROOT}/Pods/Target Support Files/Pods-LazyKeyboard/Pods-LazyKeyboard-frameworks.sh\"\n";
			showEnvVarsInLog = 0;
		};
/* End PBXShellScriptBuildPhase section */

/* Begin PBXSourcesBuildPhase section */
		33C3B89820463EFD007CD24B /* Sources */ = {
			isa = PBXSourcesBuildPhase;
			buildActionMask = 2147483647;
			files = (
				33C3B8A220463EFD007CD24B /* HomeController.swift in Sources */,
				33C3B8DC20464FE8007CD24B /* Extension+Snippet.swift in Sources */,
				33C3B8D520464FE8007CD24B /* StatusBar+Snippet.swift in Sources */,
				33C3B8D720464FE8007CD24B /* Operator.swift in Sources */,
				33C3B8D320464FE8007CD24B /* UITextField+Snippet.swift in Sources */,
				33C3B8E120464FE8007CD24B /* Delay+Snippet.swift in Sources */,
				33C3B8E520464FE8007CD24B /* Array+Snippet.swift in Sources */,
				33C3B8B220464813007CD24B /* MoreController.swift in Sources */,
				33C3B8A020463EFD007CD24B /* AppDelegate.swift in Sources */,
				33C3B8DB20464FE8007CD24B /* ChainableView+Snippet.swift in Sources */,
				33C3B8D220464FE8007CD24B /* Generic+Snippet.swift in Sources */,
				33C3B8E220464FE8007CD24B /* UIAlertController+Snippet.swift in Sources */,
				33C3B8DD20464FE8007CD24B /* Enum+Snippet.swift in Sources */,
				33C3B8F220467C3C007CD24B /* CellWrapper.swift in Sources */,
				33C3B8D020464FE8007CD24B /* CodableUserDefault.swift in Sources */,
				33C3B8E620464FE8007CD24B /* Number+Snippet.swift in Sources */,
				33C3B8B720464A14007CD24B /* MoreViewModel.swift in Sources */,
				33C3B8D120464FE8007CD24B /* UIView+Snippet.swift in Sources */,
				33C3B8D620464FE8007CD24B /* Collection+Snippet.swift in Sources */,
				33C3B8D820464FE8007CD24B /* Logger.swift in Sources */,
				33C3B8DF20464FE8007CD24B /* URL+Snippet.swift in Sources */,
				33C3B8D920464FE8007CD24B /* UITextView+Snippet.swift in Sources */,
				33C3B8E320464FE8007CD24B /* Optional+Snippet.swift in Sources */,
				33C3B8DA20464FE8007CD24B /* Encrypt.swift in Sources */,
				33C3B8B42046489C007CD24B /* MoreEntity.swift in Sources */,
				33C3B8ED20465223007CD24B /* General.swift in Sources */,
				33C3B8D420464FE8007CD24B /* Bool+Snippet.swift in Sources */,
				33C3B8E92046517C007CD24B /* MoreTableViewCell.swift in Sources */,
				33C3B8DE20464FE8007CD24B /* Namespace+Snipper.swift in Sources */,
				33C3B8E020464FE8007CD24B /* Regex.swift in Sources */,
				33C3B8F020467BC7007CD24B /* HomeViewModel.swift in Sources */,
				33C3B8E420464FE8007CD24B /* UIColor+Snipper.swift in Sources */,
				33C3B90C20478ED6007CD24B /* Const.swift in Sources */,
			);
			runOnlyForDeploymentPostprocessing = 0;
		};
		33C3B8F42046A07B007CD24B /* Sources */ = {
			isa = PBXSourcesBuildPhase;
			buildActionMask = 2147483647;
			files = (
				33C3B9052046A5B3007CD24B /* ChainableView+Snippet.swift in Sources */,
				33C3B8FB2046A07B007CD24B /* KeyboardViewController.swift in Sources */,
				33C3B90A20478EC6007CD24B /* General.swift in Sources */,
				33C3B90920478E90007CD24B /* KeyboardViewModel.swift in Sources */,
				33C3B90D20478EE5007CD24B /* Const.swift in Sources */,
				33C3B90F20479113007CD24B /* CellWrapper.swift in Sources */,
				33C3B91020479307007CD24B /* UIView+Snippet.swift in Sources */,
				33C3B90E20478FC1007CD24B /* Optional+Snippet.swift in Sources */,
			);
			runOnlyForDeploymentPostprocessing = 0;
		};
/* End PBXSourcesBuildPhase section */

/* Begin PBXTargetDependency section */
		33C3B8FE2046A07B007CD24B /* PBXTargetDependency */ = {
			isa = PBXTargetDependency;
			target = 33C3B8F72046A07B007CD24B /* Lazy */;
			targetProxy = 33C3B8FD2046A07B007CD24B /* PBXContainerItemProxy */;
		};
/* End PBXTargetDependency section */

/* Begin PBXVariantGroup section */
		33C3B8A320463EFD007CD24B /* Main.storyboard */ = {
			isa = PBXVariantGroup;
			children = (
				33C3B8A420463EFD007CD24B /* Base */,
			);
			name = Main.storyboard;
			sourceTree = "<group>";
		};
		33C3B8A820463EFD007CD24B /* LaunchScreen.storyboard */ = {
			isa = PBXVariantGroup;
			children = (
				33C3B8A920463EFD007CD24B /* Base */,
			);
			name = LaunchScreen.storyboard;
			sourceTree = "<group>";
		};
/* End PBXVariantGroup section */

/* Begin XCBuildConfiguration section */
		33C3B8AC20463EFD007CD24B /* Debug */ = {
			isa = XCBuildConfiguration;
			buildSettings = {
				ALWAYS_SEARCH_USER_PATHS = NO;
				CLANG_ANALYZER_NONNULL = YES;
				CLANG_ANALYZER_NUMBER_OBJECT_CONVERSION = YES_AGGRESSIVE;
				CLANG_CXX_LANGUAGE_STANDARD = "gnu++14";
				CLANG_CXX_LIBRARY = "libc++";
				CLANG_ENABLE_MODULES = YES;
				CLANG_ENABLE_OBJC_ARC = YES;
				CLANG_WARN_BLOCK_CAPTURE_AUTORELEASING = YES;
				CLANG_WARN_BOOL_CONVERSION = YES;
				CLANG_WARN_COMMA = YES;
				CLANG_WARN_CONSTANT_CONVERSION = YES;
				CLANG_WARN_DIRECT_OBJC_ISA_USAGE = YES_ERROR;
				CLANG_WARN_DOCUMENTATION_COMMENTS = YES;
				CLANG_WARN_EMPTY_BODY = YES;
				CLANG_WARN_ENUM_CONVERSION = YES;
				CLANG_WARN_INFINITE_RECURSION = YES;
				CLANG_WARN_INT_CONVERSION = YES;
				CLANG_WARN_NON_LITERAL_NULL_CONVERSION = YES;
				CLANG_WARN_OBJC_LITERAL_CONVERSION = YES;
				CLANG_WARN_OBJC_ROOT_CLASS = YES_ERROR;
				CLANG_WARN_RANGE_LOOP_ANALYSIS = YES;
				CLANG_WARN_STRICT_PROTOTYPES = YES;
				CLANG_WARN_SUSPICIOUS_MOVE = YES;
				CLANG_WARN_UNGUARDED_AVAILABILITY = YES_AGGRESSIVE;
				CLANG_WARN_UNREACHABLE_CODE = YES;
				CLANG_WARN__DUPLICATE_METHOD_MATCH = YES;
				CODE_SIGN_IDENTITY = "iPhone Developer";
				COPY_PHASE_STRIP = NO;
				DEBUG_INFORMATION_FORMAT = dwarf;
				ENABLE_STRICT_OBJC_MSGSEND = YES;
				ENABLE_TESTABILITY = YES;
				GCC_C_LANGUAGE_STANDARD = gnu11;
				GCC_DYNAMIC_NO_PIC = NO;
				GCC_NO_COMMON_BLOCKS = YES;
				GCC_OPTIMIZATION_LEVEL = 0;
				GCC_PREPROCESSOR_DEFINITIONS = (
					"DEBUG=1",
					"$(inherited)",
				);
				GCC_WARN_64_TO_32_BIT_CONVERSION = YES;
				GCC_WARN_ABOUT_RETURN_TYPE = YES_ERROR;
				GCC_WARN_UNDECLARED_SELECTOR = YES;
				GCC_WARN_UNINITIALIZED_AUTOS = YES_AGGRESSIVE;
				GCC_WARN_UNUSED_FUNCTION = YES;
				GCC_WARN_UNUSED_VARIABLE = YES;
				IPHONEOS_DEPLOYMENT_TARGET = 11.2;
				MTL_ENABLE_DEBUG_INFO = YES;
				ONLY_ACTIVE_ARCH = YES;
				SDKROOT = iphoneos;
				SWIFT_ACTIVE_COMPILATION_CONDITIONS = DEBUG;
				SWIFT_OPTIMIZATION_LEVEL = "-Onone";
			};
			name = Debug;
		};
		33C3B8AD20463EFD007CD24B /* Release */ = {
			isa = XCBuildConfiguration;
			buildSettings = {
				ALWAYS_SEARCH_USER_PATHS = NO;
				CLANG_ANALYZER_NONNULL = YES;
				CLANG_ANALYZER_NUMBER_OBJECT_CONVERSION = YES_AGGRESSIVE;
				CLANG_CXX_LANGUAGE_STANDARD = "gnu++14";
				CLANG_CXX_LIBRARY = "libc++";
				CLANG_ENABLE_MODULES = YES;
				CLANG_ENABLE_OBJC_ARC = YES;
				CLANG_WARN_BLOCK_CAPTURE_AUTORELEASING = YES;
				CLANG_WARN_BOOL_CONVERSION = YES;
				CLANG_WARN_COMMA = YES;
				CLANG_WARN_CONSTANT_CONVERSION = YES;
				CLANG_WARN_DIRECT_OBJC_ISA_USAGE = YES_ERROR;
				CLANG_WARN_DOCUMENTATION_COMMENTS = YES;
				CLANG_WARN_EMPTY_BODY = YES;
				CLANG_WARN_ENUM_CONVERSION = YES;
				CLANG_WARN_INFINITE_RECURSION = YES;
				CLANG_WARN_INT_CONVERSION = YES;
				CLANG_WARN_NON_LITERAL_NULL_CONVERSION = YES;
				CLANG_WARN_OBJC_LITERAL_CONVERSION = YES;
				CLANG_WARN_OBJC_ROOT_CLASS = YES_ERROR;
				CLANG_WARN_RANGE_LOOP_ANALYSIS = YES;
				CLANG_WARN_STRICT_PROTOTYPES = YES;
				CLANG_WARN_SUSPICIOUS_MOVE = YES;
				CLANG_WARN_UNGUARDED_AVAILABILITY = YES_AGGRESSIVE;
				CLANG_WARN_UNREACHABLE_CODE = YES;
				CLANG_WARN__DUPLICATE_METHOD_MATCH = YES;
				CODE_SIGN_IDENTITY = "iPhone Developer";
				COPY_PHASE_STRIP = NO;
				DEBUG_INFORMATION_FORMAT = "dwarf-with-dsym";
				ENABLE_NS_ASSERTIONS = NO;
				ENABLE_STRICT_OBJC_MSGSEND = YES;
				GCC_C_LANGUAGE_STANDARD = gnu11;
				GCC_NO_COMMON_BLOCKS = YES;
				GCC_WARN_64_TO_32_BIT_CONVERSION = YES;
				GCC_WARN_ABOUT_RETURN_TYPE = YES_ERROR;
				GCC_WARN_UNDECLARED_SELECTOR = YES;
				GCC_WARN_UNINITIALIZED_AUTOS = YES_AGGRESSIVE;
				GCC_WARN_UNUSED_FUNCTION = YES;
				GCC_WARN_UNUSED_VARIABLE = YES;
				IPHONEOS_DEPLOYMENT_TARGET = 11.2;
				MTL_ENABLE_DEBUG_INFO = NO;
				SDKROOT = iphoneos;
				SWIFT_OPTIMIZATION_LEVEL = "-Owholemodule";
				VALIDATE_PRODUCT = YES;
			};
			name = Release;
		};
		33C3B8AF20463EFD007CD24B /* Debug */ = {
			isa = XCBuildConfiguration;
			baseConfigurationReference = 7DA523F51689714C549D6DEF /* Pods-LazyKeyboard.debug.xcconfig */;
			buildSettings = {
				ALWAYS_EMBED_SWIFT_STANDARD_LIBRARIES = YES;
				ASSETCATALOG_COMPILER_APPICON_NAME = AppIcon;
				CODE_SIGN_ENTITLEMENTS = LazyKeyboard/LazyKeyboard.entitlements;
				CODE_SIGN_STYLE = Automatic;
				DEVELOPMENT_TEAM = VEMSS45948;
				INFOPLIST_FILE = LazyKeyboard/Info.plist;
				IPHONEOS_DEPLOYMENT_TARGET = 9.0;
				LD_RUNPATH_SEARCH_PATHS = "$(inherited) @executable_path/Frameworks";
				PRODUCT_BUNDLE_IDENTIFIER = com.CepheusSun.LazyKeyboard;
				PRODUCT_NAME = "$(TARGET_NAME)";
				SWIFT_VERSION = 4.0;
				TARGETED_DEVICE_FAMILY = "1,2";
			};
			name = Debug;
		};
		33C3B8B020463EFD007CD24B /* Release */ = {
			isa = XCBuildConfiguration;
			baseConfigurationReference = 8D578F80A64C1C1E4FB7862A /* Pods-LazyKeyboard.release.xcconfig */;
			buildSettings = {
				ALWAYS_EMBED_SWIFT_STANDARD_LIBRARIES = YES;
				ASSETCATALOG_COMPILER_APPICON_NAME = AppIcon;
				CODE_SIGN_ENTITLEMENTS = LazyKeyboard/LazyKeyboard.entitlements;
				CODE_SIGN_STYLE = Automatic;
				DEVELOPMENT_TEAM = VEMSS45948;
				INFOPLIST_FILE = LazyKeyboard/Info.plist;
				IPHONEOS_DEPLOYMENT_TARGET = 9.0;
				LD_RUNPATH_SEARCH_PATHS = "$(inherited) @executable_path/Frameworks";
				PRODUCT_BUNDLE_IDENTIFIER = com.CepheusSun.LazyKeyboard;
				PRODUCT_NAME = "$(TARGET_NAME)";
				SWIFT_VERSION = 4.0;
				TARGETED_DEVICE_FAMILY = "1,2";
			};
			name = Release;
		};
		33C3B9012046A07B007CD24B /* Debug */ = {
			isa = XCBuildConfiguration;
			baseConfigurationReference = 74A35C13F55F327734E0E7B7 /* Pods-Lazy.debug.xcconfig */;
			buildSettings = {
				CODE_SIGN_ENTITLEMENTS = Lazy/Lazy.entitlements;
				CODE_SIGN_STYLE = Automatic;
				DEVELOPMENT_TEAM = VEMSS45948;
				INFOPLIST_FILE = Lazy/Info.plist;
				LD_RUNPATH_SEARCH_PATHS = "$(inherited) @executable_path/Frameworks @executable_path/../../Frameworks";
				PRODUCT_BUNDLE_IDENTIFIER = com.CepheusSun.LazyKeyboard.Lazy;
				PRODUCT_NAME = "$(TARGET_NAME)";
				SKIP_INSTALL = YES;
				SWIFT_VERSION = 4.0;
				TARGETED_DEVICE_FAMILY = "1,2";
			};
			name = Debug;
		};
		33C3B9022046A07B007CD24B /* Release */ = {
			isa = XCBuildConfiguration;
			baseConfigurationReference = 980293BD81B44FD1303671C2 /* Pods-Lazy.release.xcconfig */;
			buildSettings = {
				CODE_SIGN_ENTITLEMENTS = Lazy/Lazy.entitlements;
				CODE_SIGN_STYLE = Automatic;
				DEVELOPMENT_TEAM = VEMSS45948;
				INFOPLIST_FILE = Lazy/Info.plist;
				LD_RUNPATH_SEARCH_PATHS = "$(inherited) @executable_path/Frameworks @executable_path/../../Frameworks";
				PRODUCT_BUNDLE_IDENTIFIER = com.CepheusSun.LazyKeyboard.Lazy;
				PRODUCT_NAME = "$(TARGET_NAME)";
				SKIP_INSTALL = YES;
				SWIFT_VERSION = 4.0;
				TARGETED_DEVICE_FAMILY = "1,2";
			};
			name = Release;
		};
/* End XCBuildConfiguration section */

/* Begin XCConfigurationList section */
		33C3B89720463EFD007CD24B /* Build configuration list for PBXProject "LazyKeyboard" */ = {
			isa = XCConfigurationList;
			buildConfigurations = (
				33C3B8AC20463EFD007CD24B /* Debug */,
				33C3B8AD20463EFD007CD24B /* Release */,
			);
			defaultConfigurationIsVisible = 0;
			defaultConfigurationName = Release;
		};
		33C3B8AE20463EFD007CD24B /* Build configuration list for PBXNativeTarget "LazyKeyboard" */ = {
			isa = XCConfigurationList;
			buildConfigurations = (
				33C3B8AF20463EFD007CD24B /* Debug */,
				33C3B8B020463EFD007CD24B /* Release */,
			);
			defaultConfigurationIsVisible = 0;
			defaultConfigurationName = Release;
		};
		33C3B9002046A07B007CD24B /* Build configuration list for PBXNativeTarget "Lazy" */ = {
			isa = XCConfigurationList;
			buildConfigurations = (
				33C3B9012046A07B007CD24B /* Debug */,
				33C3B9022046A07B007CD24B /* Release */,
			);
			defaultConfigurationIsVisible = 0;
			defaultConfigurationName = Release;
		};
/* End XCConfigurationList section */
	};
	rootObject = 33C3B89420463EFD007CD24B /* Project object */;
}
